// !$*UTF8*$!
{
	archiveVersion = 1;
	classes = {
	};
	objectVersion = 46;
	objects = {

/* Begin PBXBuildFile section */
		1DBB0BE51FF7D2700092BD72 /* AppDelegate.swift in Sources */ = {isa = PBXBuildFile; fileRef = 1DBB0BE41FF7D2700092BD72 /* AppDelegate.swift */; };
		1DBB0BE71FF7D2700092BD72 /* art.scnassets in Resources */ = {isa = PBXBuildFile; fileRef = 1DBB0BE61FF7D2700092BD72 /* art.scnassets */; };
		1DBB0BE91FF7D2700092BD72 /* GameViewController.swift in Sources */ = {isa = PBXBuildFile; fileRef = 1DBB0BE81FF7D2700092BD72 /* GameViewController.swift */; };
		1DBB0BEC1FF7D2700092BD72 /* Main.storyboard in Resources */ = {isa = PBXBuildFile; fileRef = 1DBB0BEA1FF7D2700092BD72 /* Main.storyboard */; };
		1DBB0BEE1FF7D2700092BD72 /* Assets.xcassets in Resources */ = {isa = PBXBuildFile; fileRef = 1DBB0BED1FF7D2700092BD72 /* Assets.xcassets */; };
		1DBB0BF11FF7D2700092BD72 /* LaunchScreen.storyboard in Resources */ = {isa = PBXBuildFile; fileRef = 1DBB0BEF1FF7D2700092BD72 /* LaunchScreen.storyboard */; };
		1DBB0BF91FF7D3480092BD72 /* Clouds.scnp in Resources */ = {isa = PBXBuildFile; fileRef = 1DBB0BF81FF7D3480092BD72 /* Clouds.scnp */; };
		1DBB0BFB1FF7D3CB0092BD72 /* PlaneScene.swift in Sources */ = {isa = PBXBuildFile; fileRef = 1DBB0BFA1FF7D3CB0092BD72 /* PlaneScene.swift */; };
		1DC618251FF7E98D0055910D /* Obstacles.swift in Sources */ = {isa = PBXBuildFile; fileRef = 1DC618241FF7E98D0055910D /* Obstacles.swift */; };
/* End PBXBuildFile section */

/* Begin PBXFileReference section */
		1DBB0BE41FF7D2700092BD72 /* AppDelegate.swift */ = {isa = PBXFileReference; lastKnownFileType = sourcecode.swift; path = AppDelegate.swift; sourceTree = "<group>"; };
		1DBB0BE61FF7D2700092BD72 /* art.scnassets */ = {isa = PBXFileReference; lastKnownFileType = wrapper.scnassets; path = art.scnassets; sourceTree = "<group>"; };
		1DBB0BE81FF7D2700092BD72 /* GameViewController.swift */ = {isa = PBXFileReference; lastKnownFileType = sourcecode.swift; path = GameViewController.swift; sourceTree = "<group>"; };
		1DBB0BEB1FF7D2700092BD72 /* Base */ = {isa = PBXFileReference; lastKnownFileType = file.storyboard; name = Base; path = Base.lproj/Main.storyboard; sourceTree = "<group>"; };
		1DBB0BED1FF7D2700092BD72 /* Assets.xcassets */ = {isa = PBXFileReference; lastKnownFileType = folder.assetcatalog; path = Assets.xcassets; sourceTree = "<group>"; };
		1DBB0BF01FF7D2700092BD72 /* Base */ = {isa = PBXFileReference; lastKnownFileType = file.storyboard; name = Base; path = Base.lproj/LaunchScreen.storyboard; sourceTree = "<group>"; };
		1DBB0BF21FF7D2700092BD72 /* Info.plist */ = {isa = PBXFileReference; lastKnownFileType = text.plist.xml; path = Info.plist; sourceTree = "<group>"; };
		1DBB0BF81FF7D3480092BD72 /* Clouds.scnp */ = {isa = PBXFileReference; lastKnownFileType = file.scp; path = Clouds.scnp; sourceTree = "<group>"; };
		1DBB0BFA1FF7D3CB0092BD72 /* PlaneScene.swift */ = {isa = PBXFileReference; fileEncoding = 4; lastKnownFileType = sourcecode.swift; path = PlaneScene.swift; sourceTree = "<group>"; };
		1DC618231FF7E42F0055910D /* Plane.app */ = {isa = PBXFileReference; explicitFileType = wrapper.application; includeInIndex = 0; path = Plane.app; sourceTree = BUILT_PRODUCTS_DIR; };
		1DC618241FF7E98D0055910D /* Obstacles.swift */ = {isa = PBXFileReference; lastKnownFileType = sourcecode.swift; path = Obstacles.swift; sourceTree = "<group>"; };
/* End PBXFileReference section */

/* Begin PBXFrameworksBuildPhase section */
		1DBB0BDE1FF7D2700092BD72 /* Frameworks */ = {
			isa = PBXFrameworksBuildPhase;
			buildActionMask = 2147483647;
			files = (
			);
			runOnlyForDeploymentPostprocessing = 0;
		};
/* End PBXFrameworksBuildPhase section */

/* Begin PBXGroup section */
		1DBB0BD81FF7D2700092BD72 = {
			isa = PBXGroup;
			children = (
				1DBB0BE31FF7D2700092BD72 /* Plane */,
				1DC618231FF7E42F0055910D /* Plane.app */,
			);
			sourceTree = "<group>";
		};
		1DBB0BE31FF7D2700092BD72 /* Plane */ = {
			isa = PBXGroup;
			children = (
				1DBB0BE41FF7D2700092BD72 /* AppDelegate.swift */,
				1DBB0BE61FF7D2700092BD72 /* art.scnassets */,
				1DBB0BE81FF7D2700092BD72 /* GameViewController.swift */,
				1DBB0BEA1FF7D2700092BD72 /* Main.storyboard */,
				1DBB0BED1FF7D2700092BD72 /* Assets.xcassets */,
				1DBB0BF81FF7D3480092BD72 /* Clouds.scnp */,
				1DBB0BEF1FF7D2700092BD72 /* LaunchScreen.storyboard */,
				1DBB0BF21FF7D2700092BD72 /* Info.plist */,
				1DBB0BFA1FF7D3CB0092BD72 /* PlaneScene.swift */,
				1DC618241FF7E98D0055910D /* Obstacles.swift */,
			);
			path = Plane;
			sourceTree = "<group>";
		};
/* End PBXGroup section */

/* Begin PBXNativeTarget section */
		1DBB0BE01FF7D2700092BD72 /* Plane */ = {
			isa = PBXNativeTarget;
			buildConfigurationList = 1DBB0BF51FF7D2700092BD72 /* Build configuration list for PBXNativeTarget "Plane" */;
			buildPhases = (
				1DBB0BDD1FF7D2700092BD72 /* Sources */,
				1DBB0BDE1FF7D2700092BD72 /* Frameworks */,
				1DBB0BDF1FF7D2700092BD72 /* Resources */,
			);
			buildRules = (
			);
			dependencies = (
			);
			name = Plane;
			productName = Plane;
			productReference = 1DC618231FF7E42F0055910D /* Plane.app */;
			productType = "com.apple.product-type.application";
		};
/* End PBXNativeTarget section */

/* Begin PBXProject section */
		1DBB0BD91FF7D2700092BD72 /* Project object */ = {
			isa = PBXProject;
			attributes = {
				LastSwiftUpdateCheck = 0830;
				LastUpgradeCheck = 0920;
				ORGANIZATIONNAME = "Francesca Cuda";
				TargetAttributes = {
					1DBB0BE01FF7D2700092BD72 = {
						CreatedOnToolsVersion = 8.3.3;
						ProvisioningStyle = Automatic;
					};
				};
			};
			buildConfigurationList = 1DBB0BDC1FF7D2700092BD72 /* Build configuration list for PBXProject "Plane" */;
			compatibilityVersion = "Xcode 3.2";
			developmentRegion = English;
			hasScannedForEncodings = 0;
			knownRegions = (
				en,
				Base,
			);
			mainGroup = 1DBB0BD81FF7D2700092BD72;
			productRefGroup = 1DBB0BD81FF7D2700092BD72;
			projectDirPath = "";
			projectRoot = "";
			targets = (
				1DBB0BE01FF7D2700092BD72 /* Plane */,
			);
		};
/* End PBXProject section */

/* Begin PBXResourcesBuildPhase section */
		1DBB0BDF1FF7D2700092BD72 /* Resources */ = {
			isa = PBXResourcesBuildPhase;
			buildActionMask = 2147483647;
			files = (
				1DBB0BF91FF7D3480092BD72 /* Clouds.scnp in Resources */,
				1DBB0BE71FF7D2700092BD72 /* art.scnassets in Resources */,
				1DBB0BF11FF7D2700092BD72 /* LaunchScreen.storyboard in Resources */,
				1DBB0BEE1FF7D2700092BD72 /* Assets.xcassets in Resources */,
				1DBB0BEC1FF7D2700092BD72 /* Main.storyboard in Resources */,
			);
			runOnlyForDeploymentPostprocessing = 0;
		};
/* End PBXResourcesBuildPhase section */

/* Begin PBXSourcesBuildPhase section */
		1DBB0BDD1FF7D2700092BD72 /* Sources */ = {
			isa = PBXSourcesBuildPhase;
			buildActionMask = 2147483647;
			files = (
				1DBB0BFB1FF7D3CB0092BD72 /* PlaneScene.swift in Sources */,
				1DBB0BE91FF7D2700092BD72 /* GameViewController.swift in Sources */,
				1DC618251FF7E98D0055910D /* Obstacles.swift in Sources */,
				1DBB0BE51FF7D2700092BD72 /* AppDelegate.swift in Sources */,
			);
			runOnlyForDeploymentPostprocessing = 0;
		};
/* End PBXSourcesBuildPhase section */

/* Begin PBXVariantGroup section */
		1DBB0BEA1FF7D2700092BD72 /* Main.storyboard */ = {
			isa = PBXVariantGroup;
			children = (
				1DBB0BEB1FF7D2700092BD72 /* Base */,
			);
			name = Main.storyboard;
			sourceTree = "<group>";
		};
		1DBB0BEF1FF7D2700092BD72 /* LaunchScreen.storyboard */ = {
			isa = PBXVariantGroup;
			children = (
				1DBB0BF01FF7D2700092BD72 /* Base */,
			);
			name = LaunchScreen.storyboard;
			sourceTree = "<group>";
		};
/* End PBXVariantGroup section */

/* Begin XCBuildConfiguration section */
		1DBB0BF31FF7D2700092BD72 /* Debug */ = {
			isa = XCBuildConfiguration;
			buildSettings = {
				ALWAYS_SEARCH_USER_PATHS = NO;
				CLANG_ANALYZER_NONNULL = YES;
				CLANG_ANALYZER_NUMBER_OBJECT_CONVERSION = YES_AGGRESSIVE;
				CLANG_CXX_LANGUAGE_STANDARD = "gnu++0x";
				CLANG_CXX_LIBRARY = "libc++";
				CLANG_ENABLE_MODULES = YES;
				CLANG_ENABLE_OBJC_ARC = YES;
				CLANG_WARN_BLOCK_CAPTURE_AUTORELEASING = YES;
				CLANG_WARN_BOOL_CONVERSION = YES;
				CLANG_WARN_COMMA = YES;
				CLANG_WARN_CONSTANT_CONVERSION = YES;
				CLANG_WARN_DIRECT_OBJC_ISA_USAGE = YES_ERROR;
				CLANG_WARN_DOCUMENTATION_COMMENTS = YES;
				CLANG_WARN_EMPTY_BODY = YES;
				CLANG_WARN_ENUM_CONVERSION = YES;
				CLANG_WARN_INFINITE_RECURSION = YES;
				CLANG_WARN_INT_CONVERSION = YES;
				CLANG_WARN_NON_LITERAL_NULL_CONVERSION = YES;
				CLANG_WARN_OBJC_LITERAL_CONVERSION = YES;
				CLANG_WARN_OBJC_ROOT_CLASS = YES_ERROR;
				CLANG_WARN_RANGE_LOOP_ANALYSIS = YES;
				CLANG_WARN_STRICT_PROTOTYPES = YES;
				CLANG_WARN_SUSPICIOUS_MOVE = YES;
				CLANG_WARN_UNREACHABLE_CODE = YES;
				CLANG_WARN__DUPLICATE_METHOD_MATCH = YES;
				"CODE_SIGN_IDENTITY[sdk=iphoneos*]" = "iPhone Developer";
				COPY_PHASE_STRIP = NO;
				DEBUG_INFORMATION_FORMAT = dwarf;
				ENABLE_STRICT_OBJC_MSGSEND = YES;
				ENABLE_TESTABILITY = YES;
				GCC_C_LANGUAGE_STANDARD = gnu99;
				GCC_DYNAMIC_NO_PIC = NO;
				GCC_NO_COMMON_BLOCKS = YES;
				GCC_OPTIMIZATION_LEVEL = 0;
				GCC_PREPROCESSOR_DEFINITIONS = (
					"DEBUG=1",
					"$(inherited)",
				);
				GCC_WARN_64_TO_32_BIT_CONVERSION = YES;
				GCC_WARN_ABOUT_RETURN_TYPE = YES_ERROR;
				GCC_WARN_UNDECLARED_SELECTOR = YES;
				GCC_WARN_UNINITIALIZED_AUTOS = YES_AGGRESSIVE;
				GCC_WARN_UNUSED_FUNCTION = YES;
				GCC_WARN_UNUSED_VARIABLE = YES;
				IPHONEOS_DEPLOYMENT_TARGET = 10.3;
				MTL_ENABLE_DEBUG_INFO = YES;
				ONLY_ACTIVE_ARCH = YES;
				SDKROOT = iphoneos;
				SWIFT_ACTIVE_COMPILATION_CONDITIONS = DEBUG;
				SWIFT_OPTIMIZATION_LEVEL = "-Onone";
				TARGETED_DEVICE_FAMILY = "1,2";
			};
			name = Debug;
		};
		1DBB0BF41FF7D2700092BD72 /* Release */ = {
			isa = XCBuildConfiguration;
			buildSettings = {
				ALWAYS_SEARCH_USER_PATHS = NO;
				CLANG_ANALYZER_NONNULL = YES;
				CLANG_ANALYZER_NUMBER_OBJECT_CONVERSION = YES_AGGRESSIVE;
				CLANG_CXX_LANGUAGE_STANDARD = "gnu++0x";
				CLANG_CXX_LIBRARY = "libc++";
				CLANG_ENABLE_MODULES = YES;
				CLANG_ENABLE_OBJC_ARC = YES;
				CLANG_WARN_BLOCK_CAPTURE_AUTORELEASING = YES;
				CLANG_WARN_BOOL_CONVERSION = YES;
				CLANG_WARN_COMMA = YES;
				CLANG_WARN_CONSTANT_CONVERSION = YES;
				CLANG_WARN_DIRECT_OBJC_ISA_USAGE = YES_ERROR;
				CLANG_WARN_DOCUMENTATION_COMMENTS = YES;
				CLANG_WARN_EMPTY_BODY = YES;
				CLANG_WARN_ENUM_CONVERSION = YES;
				CLANG_WARN_INFINITE_RECURSION = YES;
				CLANG_WARN_INT_CONVERSION = YES;
				CLANG_WARN_NON_LITERAL_NULL_CONVERSION = YES;
				CLANG_WARN_OBJC_LITERAL_CONVERSION = YES;
				CLANG_WARN_OBJC_ROOT_CLASS = YES_ERROR;
				CLANG_WARN_RANGE_LOOP_ANALYSIS = YES;
				CLANG_WARN_STRICT_PROTOTYPES = YES;
				CLANG_WARN_SUSPICIOUS_MOVE = YES;
				CLANG_WARN_UNREACHABLE_CODE = YES;
				CLANG_WARN__DUPLICATE_METHOD_MATCH = YES;
				"CODE_SIGN_IDENTITY[sdk=iphoneos*]" = "iPhone Developer";
				COPY_PHASE_STRIP = NO;
				DEBUG_INFORMATION_FORMAT = "dwarf-with-dsym";
				ENABLE_NS_ASSERTIONS = NO;
				ENABLE_STRICT_OBJC_MSGSEND = YES;
				GCC_C_LANGUAGE_STANDARD = gnu99;
				GCC_NO_COMMON_BLOCKS = YES;
				GCC_WARN_64_TO_32_BIT_CONVERSION = YES;
				GCC_WARN_ABOUT_RETURN_TYPE = YES_ERROR;
				GCC_WARN_UNDECLARED_SELECTOR = YES;
				GCC_WARN_UNINITIALIZED_AUTOS = YES_AGGRESSIVE;
				GCC_WARN_UNUSED_FUNCTION = YES;
				GCC_WARN_UNUSED_VARIABLE = YES;
				IPHONEOS_DEPLOYMENT_TARGET = 10.3;
				MTL_ENABLE_DEBUG_INFO = NO;
				SDKROOT = iphoneos;
				SWIFT_OPTIMIZATION_LEVEL = "-Owholemodule";
				TARGETED_DEVICE_FAMILY = "1,2";
				VALIDATE_PRODUCT = YES;
			};
			name = Release;
		};
		1DBB0BF61FF7D2700092BD72 /* Debug */ = {
			isa = XCBuildConfiguration;
			buildSettings = {
				ASSETCATALOG_COMPILER_APPICON_NAME = AppIcon;
				INFOPLIST_FILE = Plane/Info.plist;
				IPHONEOS_DEPLOYMENT_TARGET = 8.0;
				LD_RUNPATH_SEARCH_PATHS = "$(inherited) @executable_path/Frameworks";
				PRODUCT_BUNDLE_IDENTIFIER = com.fduca.Plane;
				PRODUCT_NAME = "$(TARGET_NAME)";
				SWIFT_VERSION = 3.0;
			};
			name = Debug;
		};
		1DBB0BF71FF7D2700092BD72 /* Release */ = {
			isa = XCBuildConfiguration;
			buildSettings = {
				ASSETCATALOG_COMPILER_APPICON_NAME = AppIcon;
				INFOPLIST_FILE = Plane/Info.plist;
				IPHONEOS_DEPLOYMENT_TARGET = 8.0;
				LD_RUNPATH_SEARCH_PATHS = "$(inherited) @executable_path/Frameworks";
				PRODUCT_BUNDLE_IDENTIFIER = com.fduca.Plane;
				PRODUCT_NAME = "$(TARGET_NAME)";
				SWIFT_VERSION = 3.0;
			};
			name = Release;
		};
/* End XCBuildConfiguration section */

/* Begin XCConfigurationList section */
		1DBB0BDC1FF7D2700092BD72 /* Build configuration list for PBXProject "Plane" */ = {
			isa = XCConfigurationList;
			buildConfigurations = (
				1DBB0BF31FF7D2700092BD72 /* Debug */,
				1DBB0BF41FF7D2700092BD72 /* Release */,
			);
			defaultConfigurationIsVisible = 0;
			defaultConfigurationName = Release;
		};
		1DBB0BF51FF7D2700092BD72 /* Build configuration list for PBXNativeTarget "Plane" */ = {
			isa = XCConfigurationList;
			buildConfigurations = (
				1DBB0BF61FF7D2700092BD72 /* Debug */,
				1DBB0BF71FF7D2700092BD72 /* Release */,
			);
			defaultConfigurationIsVisible = 0;
			defaultConfigurationName = Release;
		};
/* End XCConfigurationList section */
	};
	rootObject = 1DBB0BD91FF7D2700092BD72 /* Project object */;
}
